
Microsoft Visual Studio Solution File, Format Version 12.00
# Visual Studio Version 17
VisualStudioVersion = 17.8.34330.188
MinimumVisualStudioVersion = 10.0.40219.1
Project("{FAE04EC0-301F-11D3-BF4B-00C04F79EFBC}") = "Unification", "Unification\Unification.csproj", "{BBABDC0B-764E-46E0-B0AE-266FF55E07B4}"
EndProject
Global
	GlobalSection(SolutionConfigurationPlatforms) = preSolution
		Debug|Any CPU = Debug|Any CPU
		Release|Any CPU = Release|Any CPU
	EndGlobalSection
	GlobalSection(ProjectConfigurationPlatforms) = postSolution
		{BBABDC0B-764E-46E0-B0AE-266FF55E07B4}.Debug|Any CPU.ActiveCfg = Debug|Any CPU
		{BBABDC0B-764E-46E0-B0AE-266FF55E07B4}.Debug|Any CPU.Build.0 = Debug|Any CPU
		{BBABDC0B-764E-46E0-B0AE-266FF55E07B4}.Release|Any CPU.ActiveCfg = Release|Any CPU
		{BBABDC0B-764E-46E0-B0AE-266FF55E07B4}.Release|Any CPU.Build.0 = Release|Any CPU
	EndGlobalSection
	GlobalSection(SolutionProperties) = preSolution
		HideSolutionNode = FALSE
	EndGlobalSection
	GlobalSection(ExtensibilityGlobals) = postSolution
		SolutionGuid = {1D60B9EC-8AE4-4DC1-97FB-16C24875967C}
	EndGlobalSection
EndGlobal
